{
  "name": "bazel_rust_wasm_azure_functions",
  "requires": true,
  "lockfileVersion": 1,
  "dependencies": {
    "@bazel/bazelisk": {
      "version": "1.4.0",
      "resolved": "https://registry.npmjs.org/@bazel/bazelisk/-/bazelisk-1.4.0.tgz",
      "integrity": "sha512-VNI/jF7baQiBy4x+u8gmSDsFehqaAuzMyLuCj0j6/aZCZSw2OssytJVj73m8sFYbXgj67D8iYEQ0gbuoafDk6w=="
    }
  }
}
